
Microsoft Visual Studio Solution File, Format Version 12.00
# Visual Studio Version 17
VisualStudioVersion = 17.4.33205.214
MinimumVisualStudioVersion = 10.0.40219.1
Project("{FAE04EC0-301F-11D3-BF4B-00C04F79EFBC}") = "ejemplo1", "ejemplo1\ejemplo1.csproj", "{D65B40C5-D893-4373-B80D-1FA065EDE583}"
EndProject
Project("{FAE04EC0-301F-11D3-BF4B-00C04F79EFBC}") = "ejemplo2", "ejemplo2\ejemplo2.csproj", "{ED91363F-975E-4CF5-8DAD-4FA9BCA9842E}"
EndProject
Project("{FAE04EC0-301F-11D3-BF4B-00C04F79EFBC}") = "ciclos", "ciclos\ciclos.csproj", "{0AB2481F-8E1C-499B-88DC-F5E7C638AFC9}"
EndProject
Project("{FAE04EC0-301F-11D3-BF4B-00C04F79EFBC}") = "ejemplo3", "ejemplo3\ejemplo3.csproj", "{6209D918-7CCD-4EC0-85C9-C4B3C8513319}"
EndProject
Project("{FAE04EC0-301F-11D3-BF4B-00C04F79EFBC}") = "ejemplo4", "ejemplo4\ejemplo4.csproj", "{FC57C833-CF94-42F4-B5D8-80BBB976178C}"
EndProject
Project("{FAE04EC0-301F-11D3-BF4B-00C04F79EFBC}") = "ejemplo5", "ejemplo5\ejemplo5.csproj", "{6C529155-475F-438E-8240-2C9B3E610E6F}"
EndProject
Global
	GlobalSection(SolutionConfigurationPlatforms) = preSolution
		Debug|Any CPU = Debug|Any CPU
		Release|Any CPU = Release|Any CPU
	EndGlobalSection
	GlobalSection(ProjectConfigurationPlatforms) = postSolution
		{D65B40C5-D893-4373-B80D-1FA065EDE583}.Debug|Any CPU.ActiveCfg = Debug|Any CPU
		{D65B40C5-D893-4373-B80D-1FA065EDE583}.Debug|Any CPU.Build.0 = Debug|Any CPU
		{D65B40C5-D893-4373-B80D-1FA065EDE583}.Release|Any CPU.ActiveCfg = Release|Any CPU
		{D65B40C5-D893-4373-B80D-1FA065EDE583}.Release|Any CPU.Build.0 = Release|Any CPU
		{ED91363F-975E-4CF5-8DAD-4FA9BCA9842E}.Debug|Any CPU.ActiveCfg = Debug|Any CPU
		{ED91363F-975E-4CF5-8DAD-4FA9BCA9842E}.Debug|Any CPU.Build.0 = Debug|Any CPU
		{ED91363F-975E-4CF5-8DAD-4FA9BCA9842E}.Release|Any CPU.ActiveCfg = Release|Any CPU
		{ED91363F-975E-4CF5-8DAD-4FA9BCA9842E}.Release|Any CPU.Build.0 = Release|Any CPU
		{0AB2481F-8E1C-499B-88DC-F5E7C638AFC9}.Debug|Any CPU.ActiveCfg = Debug|Any CPU
		{0AB2481F-8E1C-499B-88DC-F5E7C638AFC9}.Debug|Any CPU.Build.0 = Debug|Any CPU
		{0AB2481F-8E1C-499B-88DC-F5E7C638AFC9}.Release|Any CPU.ActiveCfg = Release|Any CPU
		{0AB2481F-8E1C-499B-88DC-F5E7C638AFC9}.Release|Any CPU.Build.0 = Release|Any CPU
		{6209D918-7CCD-4EC0-85C9-C4B3C8513319}.Debug|Any CPU.ActiveCfg = Debug|Any CPU
		{6209D918-7CCD-4EC0-85C9-C4B3C8513319}.Debug|Any CPU.Build.0 = Debug|Any CPU
		{6209D918-7CCD-4EC0-85C9-C4B3C8513319}.Release|Any CPU.ActiveCfg = Release|Any CPU
		{6209D918-7CCD-4EC0-85C9-C4B3C8513319}.Release|Any CPU.Build.0 = Release|Any CPU
		{FC57C833-CF94-42F4-B5D8-80BBB976178C}.Debug|Any CPU.ActiveCfg = Debug|Any CPU
		{FC57C833-CF94-42F4-B5D8-80BBB976178C}.Debug|Any CPU.Build.0 = Debug|Any CPU
		{FC57C833-CF94-42F4-B5D8-80BBB976178C}.Release|Any CPU.ActiveCfg = Release|Any CPU
		{FC57C833-CF94-42F4-B5D8-80BBB976178C}.Release|Any CPU.Build.0 = Release|Any CPU
		{6C529155-475F-438E-8240-2C9B3E610E6F}.Debug|Any CPU.ActiveCfg = Debug|Any CPU
		{6C529155-475F-438E-8240-2C9B3E610E6F}.Debug|Any CPU.Build.0 = Debug|Any CPU
		{6C529155-475F-438E-8240-2C9B3E610E6F}.Release|Any CPU.ActiveCfg = Release|Any CPU
		{6C529155-475F-438E-8240-2C9B3E610E6F}.Release|Any CPU.Build.0 = Release|Any CPU
	EndGlobalSection
	GlobalSection(SolutionProperties) = preSolution
		HideSolutionNode = FALSE
	EndGlobalSection
	GlobalSection(ExtensibilityGlobals) = postSolution
		SolutionGuid = {0E3ABB8A-A721-47F2-A52C-5D9C58004106}
	EndGlobalSection
EndGlobal
