
Microsoft Visual Studio Solution File, Format Version 12.00
# Visual Studio Version 17
VisualStudioVersion = 17.4.33205.214
MinimumVisualStudioVersion = 10.0.40219.1
Project("{FAE04EC0-301F-11D3-BF4B-00C04F79EFBC}") = "ejemplo1", "ejemplo1\ejemplo1.csproj", "{199F0F2B-10D3-475D-ADDA-AE4B15A92F0E}"
EndProject
Global
	GlobalSection(SolutionConfigurationPlatforms) = preSolution
		Debug|Any CPU = Debug|Any CPU
		Release|Any CPU = Release|Any CPU
	EndGlobalSection
	GlobalSection(ProjectConfigurationPlatforms) = postSolution
		{199F0F2B-10D3-475D-ADDA-AE4B15A92F0E}.Debug|Any CPU.ActiveCfg = Debug|Any CPU
		{199F0F2B-10D3-475D-ADDA-AE4B15A92F0E}.Debug|Any CPU.Build.0 = Debug|Any CPU
		{199F0F2B-10D3-475D-ADDA-AE4B15A92F0E}.Release|Any CPU.ActiveCfg = Release|Any CPU
		{199F0F2B-10D3-475D-ADDA-AE4B15A92F0E}.Release|Any CPU.Build.0 = Release|Any CPU
	EndGlobalSection
	GlobalSection(SolutionProperties) = preSolution
		HideSolutionNode = FALSE
	EndGlobalSection
	GlobalSection(ExtensibilityGlobals) = postSolution
		SolutionGuid = {D9CF63E9-D3A5-49E5-8C3D-3BE9DF217792}
	EndGlobalSection
EndGlobal
