
Microsoft Visual Studio Solution File, Format Version 12.00
# Visual Studio Version 17
VisualStudioVersion = 17.4.33205.214
MinimumVisualStudioVersion = 10.0.40219.1
Project("{FAE04EC0-301F-11D3-BF4B-00C04F79EFBC}") = "Acceso-a-Datos", "Acceso-a-Datos\Acceso-a-Datos.csproj", "{0D1014F3-7C5F-4336-9D76-1B5FAE399E3C}"
EndProject
Project("{FAE04EC0-301F-11D3-BF4B-00C04F79EFBC}") = "dominio", "dominio\dominio.csproj", "{1FDA56FB-E381-48BE-9928-F785688889F7}"
EndProject
Project("{FAE04EC0-301F-11D3-BF4B-00C04F79EFBC}") = "negocio", "negocio\negocio.csproj", "{228F935E-426D-4B4B-A98B-B5C49F233C6C}"
EndProject
Global
	GlobalSection(SolutionConfigurationPlatforms) = preSolution
		Debug|Any CPU = Debug|Any CPU
		Release|Any CPU = Release|Any CPU
	EndGlobalSection
	GlobalSection(ProjectConfigurationPlatforms) = postSolution
		{0D1014F3-7C5F-4336-9D76-1B5FAE399E3C}.Debug|Any CPU.ActiveCfg = Debug|Any CPU
		{0D1014F3-7C5F-4336-9D76-1B5FAE399E3C}.Debug|Any CPU.Build.0 = Debug|Any CPU
		{0D1014F3-7C5F-4336-9D76-1B5FAE399E3C}.Release|Any CPU.ActiveCfg = Release|Any CPU
		{0D1014F3-7C5F-4336-9D76-1B5FAE399E3C}.Release|Any CPU.Build.0 = Release|Any CPU
		{1FDA56FB-E381-48BE-9928-F785688889F7}.Debug|Any CPU.ActiveCfg = Debug|Any CPU
		{1FDA56FB-E381-48BE-9928-F785688889F7}.Debug|Any CPU.Build.0 = Debug|Any CPU
		{1FDA56FB-E381-48BE-9928-F785688889F7}.Release|Any CPU.ActiveCfg = Release|Any CPU
		{1FDA56FB-E381-48BE-9928-F785688889F7}.Release|Any CPU.Build.0 = Release|Any CPU
		{228F935E-426D-4B4B-A98B-B5C49F233C6C}.Debug|Any CPU.ActiveCfg = Debug|Any CPU
		{228F935E-426D-4B4B-A98B-B5C49F233C6C}.Debug|Any CPU.Build.0 = Debug|Any CPU
		{228F935E-426D-4B4B-A98B-B5C49F233C6C}.Release|Any CPU.ActiveCfg = Release|Any CPU
		{228F935E-426D-4B4B-A98B-B5C49F233C6C}.Release|Any CPU.Build.0 = Release|Any CPU
	EndGlobalSection
	GlobalSection(SolutionProperties) = preSolution
		HideSolutionNode = FALSE
	EndGlobalSection
	GlobalSection(ExtensibilityGlobals) = postSolution
		SolutionGuid = {7320C7A2-1ACF-437F-AF17-1A44B1406110}
	EndGlobalSection
EndGlobal
