
Microsoft Visual Studio Solution File, Format Version 12.00
# Visual Studio Version 17
VisualStudioVersion = 17.4.33205.214
MinimumVisualStudioVersion = 10.0.40219.1
Project("{FAE04EC0-301F-11D3-BF4B-00C04F79EFBC}") = "Acceso a datos", "Acceso a datos\Acceso a datos.csproj", "{AB9D6D15-611B-4BFC-8209-1FE01154C476}"
EndProject
Project("{FAE04EC0-301F-11D3-BF4B-00C04F79EFBC}") = "dominio", "dominio\dominio.csproj", "{920FCFFE-3E78-4CF0-AAD5-BA431A89CB9D}"
EndProject
Project("{FAE04EC0-301F-11D3-BF4B-00C04F79EFBC}") = "negocio", "negocio\negocio.csproj", "{1A1B239C-83B6-47DC-A952-3E0B84342FB7}"
EndProject
Global
	GlobalSection(SolutionConfigurationPlatforms) = preSolution
		Debug|Any CPU = Debug|Any CPU
		Release|Any CPU = Release|Any CPU
	EndGlobalSection
	GlobalSection(ProjectConfigurationPlatforms) = postSolution
		{AB9D6D15-611B-4BFC-8209-1FE01154C476}.Debug|Any CPU.ActiveCfg = Debug|Any CPU
		{AB9D6D15-611B-4BFC-8209-1FE01154C476}.Debug|Any CPU.Build.0 = Debug|Any CPU
		{AB9D6D15-611B-4BFC-8209-1FE01154C476}.Release|Any CPU.ActiveCfg = Release|Any CPU
		{AB9D6D15-611B-4BFC-8209-1FE01154C476}.Release|Any CPU.Build.0 = Release|Any CPU
		{920FCFFE-3E78-4CF0-AAD5-BA431A89CB9D}.Debug|Any CPU.ActiveCfg = Debug|Any CPU
		{920FCFFE-3E78-4CF0-AAD5-BA431A89CB9D}.Debug|Any CPU.Build.0 = Debug|Any CPU
		{920FCFFE-3E78-4CF0-AAD5-BA431A89CB9D}.Release|Any CPU.ActiveCfg = Release|Any CPU
		{920FCFFE-3E78-4CF0-AAD5-BA431A89CB9D}.Release|Any CPU.Build.0 = Release|Any CPU
		{1A1B239C-83B6-47DC-A952-3E0B84342FB7}.Debug|Any CPU.ActiveCfg = Debug|Any CPU
		{1A1B239C-83B6-47DC-A952-3E0B84342FB7}.Debug|Any CPU.Build.0 = Debug|Any CPU
		{1A1B239C-83B6-47DC-A952-3E0B84342FB7}.Release|Any CPU.ActiveCfg = Release|Any CPU
		{1A1B239C-83B6-47DC-A952-3E0B84342FB7}.Release|Any CPU.Build.0 = Release|Any CPU
	EndGlobalSection
	GlobalSection(SolutionProperties) = preSolution
		HideSolutionNode = FALSE
	EndGlobalSection
	GlobalSection(ExtensibilityGlobals) = postSolution
		SolutionGuid = {8CCB6CD5-13C8-48A5-9B8D-CF06CF11581F}
	EndGlobalSection
EndGlobal
